// !$*UTF8*$!
{
	archiveVersion = 1;
	classes = {
	};
	objectVersion = 50;
	objects = {

/* Begin PBXBuildFile section */
		009619F625D4926D008FBDB1 /* AppDelegate.swift in Sources */ = {isa = PBXBuildFile; fileRef = 009619F525D4926D008FBDB1 /* AppDelegate.swift */; };
		009619F825D4926E008FBDB1 /* ViewController.swift in Sources */ = {isa = PBXBuildFile; fileRef = 009619F725D4926E008FBDB1 /* ViewController.swift */; };
		009619FA25D49270008FBDB1 /* Assets.xcassets in Resources */ = {isa = PBXBuildFile; fileRef = 009619F925D49270008FBDB1 /* Assets.xcassets */; };
		009619FD25D49270008FBDB1 /* Main.storyboard in Resources */ = {isa = PBXBuildFile; fileRef = 009619FB25D49270008FBDB1 /* Main.storyboard */; };
		56F3A2A256E12A9BA9EF7603 /* Pods_LearNBA.framework in Frameworks */ = {isa = PBXBuildFile; fileRef = 53D5E1DE5B871BBEFA7AD415 /* Pods_LearNBA.framework */; };
/* End PBXBuildFile section */

/* Begin PBXFileReference section */
		009619F225D4926D008FBDB1 /* LearNBA.app */ = {isa = PBXFileReference; explicitFileType = wrapper.application; includeInIndex = 0; path = LearNBA.app; sourceTree = BUILT_PRODUCTS_DIR; };
		009619F525D4926D008FBDB1 /* AppDelegate.swift */ = {isa = PBXFileReference; lastKnownFileType = sourcecode.swift; path = AppDelegate.swift; sourceTree = "<group>"; };
		009619F725D4926E008FBDB1 /* ViewController.swift */ = {isa = PBXFileReference; lastKnownFileType = sourcecode.swift; path = ViewController.swift; sourceTree = "<group>"; };
		009619F925D49270008FBDB1 /* Assets.xcassets */ = {isa = PBXFileReference; lastKnownFileType = folder.assetcatalog; path = Assets.xcassets; sourceTree = "<group>"; };
		009619FC25D49270008FBDB1 /* Base */ = {isa = PBXFileReference; lastKnownFileType = file.storyboard; name = Base; path = Base.lproj/Main.storyboard; sourceTree = "<group>"; };
		009619FE25D49270008FBDB1 /* Info.plist */ = {isa = PBXFileReference; lastKnownFileType = text.plist.xml; path = Info.plist; sourceTree = "<group>"; };
		009619FF25D49270008FBDB1 /* LearNBA.entitlements */ = {isa = PBXFileReference; lastKnownFileType = text.plist.entitlements; path = LearNBA.entitlements; sourceTree = "<group>"; };
		0BF82377F93EA90BBC1467C2 /* Pods-LearNBA.release.xcconfig */ = {isa = PBXFileReference; includeInIndex = 1; lastKnownFileType = text.xcconfig; name = "Pods-LearNBA.release.xcconfig"; path = "Target Support Files/Pods-LearNBA/Pods-LearNBA.release.xcconfig"; sourceTree = "<group>"; };
		53D5E1DE5B871BBEFA7AD415 /* Pods_LearNBA.framework */ = {isa = PBXFileReference; explicitFileType = wrapper.framework; includeInIndex = 0; path = Pods_LearNBA.framework; sourceTree = BUILT_PRODUCTS_DIR; };
		6EC29A62770504948EE424AB /* Pods-LearNBA.debug.xcconfig */ = {isa = PBXFileReference; includeInIndex = 1; lastKnownFileType = text.xcconfig; name = "Pods-LearNBA.debug.xcconfig"; path = "Target Support Files/Pods-LearNBA/Pods-LearNBA.debug.xcconfig"; sourceTree = "<group>"; };
/* End PBXFileReference section */

/* Begin PBXFrameworksBuildPhase section */
		009619EF25D4926D008FBDB1 /* Frameworks */ = {
			isa = PBXFrameworksBuildPhase;
			buildActionMask = 2147483647;
			files = (
				56F3A2A256E12A9BA9EF7603 /* Pods_LearNBA.framework in Frameworks */,
			);
			runOnlyForDeploymentPostprocessing = 0;
		};
/* End PBXFrameworksBuildPhase section */

/* Begin PBXGroup section */
		009619E925D4926D008FBDB1 = {
			isa = PBXGroup;
			children = (
				009619F425D4926D008FBDB1 /* LearNBA */,
				009619F325D4926D008FBDB1 /* Products */,
				2A62CCF1B1010C0BB60FEB30 /* Pods */,
				943CD46CC07F8392BC1D0A7B /* Frameworks */,
			);
			sourceTree = "<group>";
		};
		009619F325D4926D008FBDB1 /* Products */ = {
			isa = PBXGroup;
			children = (
				009619F225D4926D008FBDB1 /* LearNBA.app */,
			);
			name = Products;
			sourceTree = "<group>";
		};
		009619F425D4926D008FBDB1 /* LearNBA */ = {
			isa = PBXGroup;
			children = (
				009619F525D4926D008FBDB1 /* AppDelegate.swift */,
				009619F725D4926E008FBDB1 /* ViewController.swift */,
				009619F925D49270008FBDB1 /* Assets.xcassets */,
				009619FB25D49270008FBDB1 /* Main.storyboard */,
				009619FE25D49270008FBDB1 /* Info.plist */,
				009619FF25D49270008FBDB1 /* LearNBA.entitlements */,
			);
			path = LearNBA;
			sourceTree = "<group>";
		};
		2A62CCF1B1010C0BB60FEB30 /* Pods */ = {
			isa = PBXGroup;
			children = (
				6EC29A62770504948EE424AB /* Pods-LearNBA.debug.xcconfig */,
				0BF82377F93EA90BBC1467C2 /* Pods-LearNBA.release.xcconfig */,
			);
			name = Pods;
			path = Pods;
			sourceTree = "<group>";
		};
		943CD46CC07F8392BC1D0A7B /* Frameworks */ = {
			isa = PBXGroup;
			children = (
				53D5E1DE5B871BBEFA7AD415 /* Pods_LearNBA.framework */,
			);
			name = Frameworks;
			sourceTree = "<group>";
		};
/* End PBXGroup section */

/* Begin PBXNativeTarget section */
		009619F125D4926D008FBDB1 /* LearNBA */ = {
			isa = PBXNativeTarget;
			buildConfigurationList = 00961A0225D49270008FBDB1 /* Build configuration list for PBXNativeTarget "LearNBA" */;
			buildPhases = (
				1B64ABCE58E1396D3D4CB993 /* [CP] Check Pods Manifest.lock */,
				009619EE25D4926D008FBDB1 /* Sources */,
				009619EF25D4926D008FBDB1 /* Frameworks */,
				009619F025D4926D008FBDB1 /* Resources */,
			);
			buildRules = (
			);
			dependencies = (
			);
			name = LearNBA;
			productName = LearNBA;
			productReference = 009619F225D4926D008FBDB1 /* LearNBA.app */;
			productType = "com.apple.product-type.application";
		};
/* End PBXNativeTarget section */

/* Begin PBXProject section */
		009619EA25D4926D008FBDB1 /* Project object */ = {
			isa = PBXProject;
			attributes = {
				LastSwiftUpdateCheck = 1210;
				LastUpgradeCheck = 1210;
				TargetAttributes = {
					009619F125D4926D008FBDB1 = {
						CreatedOnToolsVersion = 12.1;
					};
				};
			};
			buildConfigurationList = 009619ED25D4926D008FBDB1 /* Build configuration list for PBXProject "LearNBA" */;
			compatibilityVersion = "Xcode 9.3";
			developmentRegion = en;
			hasScannedForEncodings = 0;
			knownRegions = (
				en,
				Base,
			);
			mainGroup = 009619E925D4926D008FBDB1;
			productRefGroup = 009619F325D4926D008FBDB1 /* Products */;
			projectDirPath = "";
			projectRoot = "";
			targets = (
				009619F125D4926D008FBDB1 /* LearNBA */,
			);
		};
/* End PBXProject section */

/* Begin PBXResourcesBuildPhase section */
		009619F025D4926D008FBDB1 /* Resources */ = {
			isa = PBXResourcesBuildPhase;
			buildActionMask = 2147483647;
			files = (
				009619FA25D49270008FBDB1 /* Assets.xcassets in Resources */,
				009619FD25D49270008FBDB1 /* Main.storyboard in Resources */,
			);
			runOnlyForDeploymentPostprocessing = 0;
		};
/* End PBXResourcesBuildPhase section */

/* Begin PBXShellScriptBuildPhase section */
		1B64ABCE58E1396D3D4CB993 /* [CP] Check Pods Manifest.lock */ = {
			isa = PBXShellScriptBuildPhase;
			buildActionMask = 2147483647;
			files = (
			);
			inputFileListPaths = (
			);
			inputPaths = (
				"${PODS_PODFILE_DIR_PATH}/Podfile.lock",
				"${PODS_ROOT}/Manifest.lock",
			);
			name = "[CP] Check Pods Manifest.lock";
			outputFileListPaths = (
			);
			outputPaths = (
				"$(DERIVED_FILE_DIR)/Pods-LearNBA-checkManifestLockResult.txt",
			);
			runOnlyForDeploymentPostprocessing = 0;
			shellPath = /bin/sh;
			shellScript = "diff \"${PODS_PODFILE_DIR_PATH}/Podfile.lock\" \"${PODS_ROOT}/Manifest.lock\" > /dev/null\nif [ $? != 0 ] ; then\n    # print error to STDERR\n    echo \"error: The sandbox is not in sync with the Podfile.lock. Run 'pod install' or update your CocoaPods installation.\" >&2\n    exit 1\nfi\n# This output is used by Xcode 'outputs' to avoid re-running this script phase.\necho \"SUCCESS\" > \"${SCRIPT_OUTPUT_FILE_0}\"\n";
			showEnvVarsInLog = 0;
		};
/* End PBXShellScriptBuildPhase section */

/* Begin PBXSourcesBuildPhase section */
		009619EE25D4926D008FBDB1 /* Sources */ = {
			isa = PBXSourcesBuildPhase;
			buildActionMask = 2147483647;
			files = (
				009619F825D4926E008FBDB1 /* ViewController.swift in Sources */,
				009619F625D4926D008FBDB1 /* AppDelegate.swift in Sources */,
			);
			runOnlyForDeploymentPostprocessing = 0;
		};
/* End PBXSourcesBuildPhase section */

/* Begin PBXVariantGroup section */
		009619FB25D49270008FBDB1 /* Main.storyboard */ = {
			isa = PBXVariantGroup;
			children = (
				009619FC25D49270008FBDB1 /* Base */,
			);
			name = Main.storyboard;
			sourceTree = "<group>";
		};
/* End PBXVariantGroup section */

/* Begin XCBuildConfiguration section */
		00961A0025D49270008FBDB1 /* Debug */ = {
			isa = XCBuildConfiguration;
			buildSettings = {
				ALWAYS_SEARCH_USER_PATHS = NO;
				CLANG_ANALYZER_NONNULL = YES;
				CLANG_ANALYZER_NUMBER_OBJECT_CONVERSION = YES_AGGRESSIVE;
				CLANG_CXX_LANGUAGE_STANDARD = "gnu++14";
				CLANG_CXX_LIBRARY = "libc++";
				CLANG_ENABLE_MODULES = YES;
				CLANG_ENABLE_OBJC_ARC = YES;
				CLANG_ENABLE_OBJC_WEAK = YES;
				CLANG_WARN_BLOCK_CAPTURE_AUTORELEASING = YES;
				CLANG_WARN_BOOL_CONVERSION = YES;
				CLANG_WARN_COMMA = YES;
				CLANG_WARN_CONSTANT_CONVERSION = YES;
				CLANG_WARN_DEPRECATED_OBJC_IMPLEMENTATIONS = YES;
				CLANG_WARN_DIRECT_OBJC_ISA_USAGE = YES_ERROR;
				CLANG_WARN_DOCUMENTATION_COMMENTS = YES;
				CLANG_WARN_EMPTY_BODY = YES;
				CLANG_WARN_ENUM_CONVERSION = YES;
				CLANG_WARN_INFINITE_RECURSION = YES;
				CLANG_WARN_INT_CONVERSION = YES;
				CLANG_WARN_NON_LITERAL_NULL_CONVERSION = YES;
				CLANG_WARN_OBJC_IMPLICIT_RETAIN_SELF = YES;
				CLANG_WARN_OBJC_LITERAL_CONVERSION = YES;
				CLANG_WARN_OBJC_ROOT_CLASS = YES_ERROR;
				CLANG_WARN_QUOTED_INCLUDE_IN_FRAMEWORK_HEADER = YES;
				CLANG_WARN_RANGE_LOOP_ANALYSIS = YES;
				CLANG_WARN_STRICT_PROTOTYPES = YES;
				CLANG_WARN_SUSPICIOUS_MOVE = YES;
				CLANG_WARN_UNGUARDED_AVAILABILITY = YES_AGGRESSIVE;
				CLANG_WARN_UNREACHABLE_CODE = YES;
				CLANG_WARN__DUPLICATE_METHOD_MATCH = YES;
				COPY_PHASE_STRIP = NO;
				DEBUG_INFORMATION_FORMAT = dwarf;
				ENABLE_STRICT_OBJC_MSGSEND = YES;
				ENABLE_TESTABILITY = YES;
				GCC_C_LANGUAGE_STANDARD = gnu11;
				GCC_DYNAMIC_NO_PIC = NO;
				GCC_NO_COMMON_BLOCKS = YES;
				GCC_OPTIMIZATION_LEVEL = 0;
				GCC_PREPROCESSOR_DEFINITIONS = (
					"DEBUG=1",
					"$(inherited)",
				);
				GCC_WARN_64_TO_32_BIT_CONVERSION = YES;
				GCC_WARN_ABOUT_RETURN_TYPE = YES_ERROR;
				GCC_WARN_UNDECLARED_SELECTOR = YES;
				GCC_WARN_UNINITIALIZED_AUTOS = YES_AGGRESSIVE;
				GCC_WARN_UNUSED_FUNCTION = YES;
				GCC_WARN_UNUSED_VARIABLE = YES;
				MACOSX_DEPLOYMENT_TARGET = 10.15;
				MTL_ENABLE_DEBUG_INFO = INCLUDE_SOURCE;
				MTL_FAST_MATH = YES;
				ONLY_ACTIVE_ARCH = YES;
				SDKROOT = macosx;
				SWIFT_ACTIVE_COMPILATION_CONDITIONS = DEBUG;
				SWIFT_OPTIMIZATION_LEVEL = "-Onone";
			};
			name = Debug;
		};
		00961A0125D49270008FBDB1 /* Release */ = {
			isa = XCBuildConfiguration;
			buildSettings = {
				ALWAYS_SEARCH_USER_PATHS = NO;
				CLANG_ANALYZER_NONNULL = YES;
				CLANG_ANALYZER_NUMBER_OBJECT_CONVERSION = YES_AGGRESSIVE;
				CLANG_CXX_LANGUAGE_STANDARD = "gnu++14";
				CLANG_CXX_LIBRARY = "libc++";
				CLANG_ENABLE_MODULES = YES;
				CLANG_ENABLE_OBJC_ARC = YES;
				CLANG_ENABLE_OBJC_WEAK = YES;
				CLANG_WARN_BLOCK_CAPTURE_AUTORELEASING = YES;
				CLANG_WARN_BOOL_CONVERSION = YES;
				CLANG_WARN_COMMA = YES;
				CLANG_WARN_CONSTANT_CONVERSION = YES;
				CLANG_WARN_DEPRECATED_OBJC_IMPLEMENTATIONS = YES;
				CLANG_WARN_DIRECT_OBJC_ISA_USAGE = YES_ERROR;
				CLANG_WARN_DOCUMENTATION_COMMENTS = YES;
				CLANG_WARN_EMPTY_BODY = YES;
				CLANG_WARN_ENUM_CONVERSION = YES;
				CLANG_WARN_INFINITE_RECURSION = YES;
				CLANG_WARN_INT_CONVERSION = YES;
				CLANG_WARN_NON_LITERAL_NULL_CONVERSION = YES;
				CLANG_WARN_OBJC_IMPLICIT_RETAIN_SELF = YES;
				CLANG_WARN_OBJC_LITERAL_CONVERSION = YES;
				CLANG_WARN_OBJC_ROOT_CLASS = YES_ERROR;
				CLANG_WARN_QUOTED_INCLUDE_IN_FRAMEWORK_HEADER = YES;
				CLANG_WARN_RANGE_LOOP_ANALYSIS = YES;
				CLANG_WARN_STRICT_PROTOTYPES = YES;
				CLANG_WARN_SUSPICIOUS_MOVE = YES;
				CLANG_WARN_UNGUARDED_AVAILABILITY = YES_AGGRESSIVE;
				CLANG_WARN_UNREACHABLE_CODE = YES;
				CLANG_WARN__DUPLICATE_METHOD_MATCH = YES;
				COPY_PHASE_STRIP = NO;
				DEBUG_INFORMATION_FORMAT = "dwarf-with-dsym";
				ENABLE_NS_ASSERTIONS = NO;
				ENABLE_STRICT_OBJC_MSGSEND = YES;
				GCC_C_LANGUAGE_STANDARD = gnu11;
				GCC_NO_COMMON_BLOCKS = YES;
				GCC_WARN_64_TO_32_BIT_CONVERSION = YES;
				GCC_WARN_ABOUT_RETURN_TYPE = YES_ERROR;
				GCC_WARN_UNDECLARED_SELECTOR = YES;
				GCC_WARN_UNINITIALIZED_AUTOS = YES_AGGRESSIVE;
				GCC_WARN_UNUSED_FUNCTION = YES;
				GCC_WARN_UNUSED_VARIABLE = YES;
				MACOSX_DEPLOYMENT_TARGET = 10.15;
				MTL_ENABLE_DEBUG_INFO = NO;
				MTL_FAST_MATH = YES;
				SDKROOT = macosx;
				SWIFT_COMPILATION_MODE = wholemodule;
				SWIFT_OPTIMIZATION_LEVEL = "-O";
			};
			name = Release;
		};
		00961A0325D49270008FBDB1 /* Debug */ = {
			isa = XCBuildConfiguration;
			baseConfigurationReference = 6EC29A62770504948EE424AB /* Pods-LearNBA.debug.xcconfig */;
			buildSettings = {
				ASSETCATALOG_COMPILER_APPICON_NAME = AppIcon;
				ASSETCATALOG_COMPILER_GLOBAL_ACCENT_COLOR_NAME = AccentColor;
				CODE_SIGN_ENTITLEMENTS = LearNBA/LearNBA.entitlements;
				CODE_SIGN_STYLE = Automatic;
				COMBINE_HIDPI_IMAGES = YES;
				INFOPLIST_FILE = LearNBA/Info.plist;
				LD_RUNPATH_SEARCH_PATHS = (
					"$(inherited)",
					"@executable_path/../Frameworks",
				);
				PRODUCT_BUNDLE_IDENTIFIER = cemkazim.LearNBA;
				PRODUCT_NAME = "$(TARGET_NAME)";
				SWIFT_VERSION = 5.0;
			};
			name = Debug;
		};
		00961A0425D49270008FBDB1 /* Release */ = {
			isa = XCBuildConfiguration;
			baseConfigurationReference = 0BF82377F93EA90BBC1467C2 /* Pods-LearNBA.release.xcconfig */;
			buildSettings = {
				ASSETCATALOG_COMPILER_APPICON_NAME = AppIcon;
				ASSETCATALOG_COMPILER_GLOBAL_ACCENT_COLOR_NAME = AccentColor;
				CODE_SIGN_ENTITLEMENTS = LearNBA/LearNBA.entitlements;
				CODE_SIGN_STYLE = Automatic;
				COMBINE_HIDPI_IMAGES = YES;
				INFOPLIST_FILE = LearNBA/Info.plist;
				LD_RUNPATH_SEARCH_PATHS = (
					"$(inherited)",
					"@executable_path/../Frameworks",
				);
				PRODUCT_BUNDLE_IDENTIFIER = cemkazim.LearNBA;
				PRODUCT_NAME = "$(TARGET_NAME)";
				SWIFT_VERSION = 5.0;
			};
			name = Release;
		};
/* End XCBuildConfiguration section */

/* Begin XCConfigurationList section */
		009619ED25D4926D008FBDB1 /* Build configuration list for PBXProject "LearNBA" */ = {
			isa = XCConfigurationList;
			buildConfigurations = (
				00961A0025D49270008FBDB1 /* Debug */,
				00961A0125D49270008FBDB1 /* Release */,
			);
			defaultConfigurationIsVisible = 0;
			defaultConfigurationName = Release;
		};
		00961A0225D49270008FBDB1 /* Build configuration list for PBXNativeTarget "LearNBA" */ = {
			isa = XCConfigurationList;
			buildConfigurations = (
				00961A0325D49270008FBDB1 /* Debug */,
				00961A0425D49270008FBDB1 /* Release */,
			);
			defaultConfigurationIsVisible = 0;
			defaultConfigurationName = Release;
		};
/* End XCConfigurationList section */
	};
	rootObject = 009619EA25D4926D008FBDB1 /* Project object */;
}
